
Microsoft Visual Studio Solution File, Format Version 12.00
# Visual Studio Version 17
VisualStudioVersion = 17.11.35327.3
MinimumVisualStudioVersion = 10.0.40219.1
Project("{FAE04EC0-301F-11D3-BF4B-00C04F79EFBC}") = "Week13SqLiteDB", "Week13SqLiteDB\Week13SqLiteDB.csproj", "{58C679F5-8557-4E9E-A422-C790BDC0B250}"
EndProject
Global
	GlobalSection(SolutionConfigurationPlatforms) = preSolution
		Debug|Any CPU = Debug|Any CPU
		Release|Any CPU = Release|Any CPU
	EndGlobalSection
	GlobalSection(ProjectConfigurationPlatforms) = postSolution
		{58C679F5-8557-4E9E-A422-C790BDC0B250}.Debug|Any CPU.ActiveCfg = Debug|Any CPU
		{58C679F5-8557-4E9E-A422-C790BDC0B250}.Debug|Any CPU.Build.0 = Debug|Any CPU
		{58C679F5-8557-4E9E-A422-C790BDC0B250}.Release|Any CPU.ActiveCfg = Release|Any CPU
		{58C679F5-8557-4E9E-A422-C790BDC0B250}.Release|Any CPU.Build.0 = Release|Any CPU
	EndGlobalSection
	GlobalSection(SolutionProperties) = preSolution
		HideSolutionNode = FALSE
	EndGlobalSection
	GlobalSection(ExtensibilityGlobals) = postSolution
		SolutionGuid = {63F34CC6-CDAF-4A88-9444-B67CE7EDCA37}
	EndGlobalSection
EndGlobal
